
Microsoft Visual Studio Solution File, Format Version 12.00
# Visual Studio Version 16
VisualStudioVersion = 16.0.29728.190
MinimumVisualStudioVersion = 10.0.40219.1
Project("{FAE04EC0-301F-11D3-BF4B-00C04F79EFBC}") = "JsonManagement", "JsonManagement\JsonManagement.csproj", "{5D82E7C2-87EC-4A3D-A040-6D822321B9CD}"
EndProject
Global
	GlobalSection(SolutionConfigurationPlatforms) = preSolution
		Debug|Any CPU = Debug|Any CPU
		Release|Any CPU = Release|Any CPU
	EndGlobalSection
	GlobalSection(ProjectConfigurationPlatforms) = postSolution
		{5D82E7C2-87EC-4A3D-A040-6D822321B9CD}.Debug|Any CPU.ActiveCfg = Debug|Any CPU
		{5D82E7C2-87EC-4A3D-A040-6D822321B9CD}.Debug|Any CPU.Build.0 = Debug|Any CPU
		{5D82E7C2-87EC-4A3D-A040-6D822321B9CD}.Release|Any CPU.ActiveCfg = Release|Any CPU
		{5D82E7C2-87EC-4A3D-A040-6D822321B9CD}.Release|Any CPU.Build.0 = Release|Any CPU
	EndGlobalSection
	GlobalSection(SolutionProperties) = preSolution
		HideSolutionNode = FALSE
	EndGlobalSection
	GlobalSection(ExtensibilityGlobals) = postSolution
		SolutionGuid = {996F2DA7-6A32-4352-AE49-682F8160805B}
	EndGlobalSection
EndGlobal
